// !$*UTF8*$!
{
	archiveVersion = 1;
	classes = {
	};
	objectVersion = 46;
	objects = {

/* Begin PBXBuildFile section */
		2E8952791D3BE35F00E7DBCD /* LaunchScreen.storyboard in Resources */ = {isa = PBXBuildFile; fileRef = 2E8952771D3BE35F00E7DBCD /* LaunchScreen.storyboard */; };
		2EB395331D3BE92E00BDA594 /* Assets.xcassets in Resources */ = {isa = PBXBuildFile; fileRef = 2EB395301D3BE92E00BDA594 /* Assets.xcassets */; };
		2EB395341D3BE92E00BDA594 /* AppDelegate.swift in Sources */ = {isa = PBXBuildFile; fileRef = 2EB395321D3BE92E00BDA594 /* AppDelegate.swift */; };
		2EB3955A1D3BF7E700BDA594 /* Pokemon.swift in Sources */ = {isa = PBXBuildFile; fileRef = 2EB395541D3BF7E700BDA594 /* Pokemon.swift */; };
		2EB3955B1D3BF7E700BDA594 /* PokemonType.swift in Sources */ = {isa = PBXBuildFile; fileRef = 2EB395551D3BF7E700BDA594 /* PokemonType.swift */; };
		2EB3955C1D3BF7E700BDA594 /* PokemonDataSource.swift in Sources */ = {isa = PBXBuildFile; fileRef = 2EB395581D3BF7E700BDA594 /* PokemonDataSource.swift */; };
		2EB3955D1D3BF7E700BDA594 /* PokemonRepository.swift in Sources */ = {isa = PBXBuildFile; fileRef = 2EB395591D3BF7E700BDA594 /* PokemonRepository.swift */; };
		2EB395621D3BF83100BDA594 /* Task.swift in Sources */ = {isa = PBXBuildFile; fileRef = 2EB395611D3BF83100BDA594 /* Task.swift */; };
		2EB395651D3BF9AF00BDA594 /* Assembly.swift in Sources */ = {isa = PBXBuildFile; fileRef = 2EB395641D3BF9AF00BDA594 /* Assembly.swift */; };
		2EB395681D3BFAB600BDA594 /* DependencyContainer.swift in Sources */ = {isa = PBXBuildFile; fileRef = 2EB395671D3BFAB600BDA594 /* DependencyContainer.swift */; };
		2EB3956A1D3BFB6A00BDA594 /* DefaultDependencyContainer.swift in Sources */ = {isa = PBXBuildFile; fileRef = 2EB395691D3BFB6A00BDA594 /* DefaultDependencyContainer.swift */; };
		2EB395701D3BFC3E00BDA594 /* DefaultDependencyContainerSpec.swift in Sources */ = {isa = PBXBuildFile; fileRef = 2EB3956F1D3BFC3E00BDA594 /* DefaultDependencyContainerSpec.swift */; };
		2EB395751D3BFE2900BDA594 /* TestEnviromentDetector.swift in Sources */ = {isa = PBXBuildFile; fileRef = 2EB395741D3BFE2900BDA594 /* TestEnviromentDetector.swift */; };
		2EB395781D3BFEB000BDA594 /* ApplicationController.swift in Sources */ = {isa = PBXBuildFile; fileRef = 2EB395771D3BFEB000BDA594 /* ApplicationController.swift */; };
		2EB3957A1D3BFEEB00BDA594 /* Assembly+Controller.swift in Sources */ = {isa = PBXBuildFile; fileRef = 2EB395791D3BFEEB00BDA594 /* Assembly+Controller.swift */; };
		2EB3957D1D3BFFB700BDA594 /* WindowCoordinable.swift in Sources */ = {isa = PBXBuildFile; fileRef = 2EB3957C1D3BFFB700BDA594 /* WindowCoordinable.swift */; };
		2EB3957F1D3C010A00BDA594 /* DefaultWindowCoordinable.swift in Sources */ = {isa = PBXBuildFile; fileRef = 2EB3957E1D3C010A00BDA594 /* DefaultWindowCoordinable.swift */; };
		2EB395861D3C01C600BDA594 /* PokemonListViewController.swift in Sources */ = {isa = PBXBuildFile; fileRef = 2EB395841D3C01C600BDA594 /* PokemonListViewController.swift */; };
		2EB395871D3C01C600BDA594 /* PokemonListViewController.xib in Resources */ = {isa = PBXBuildFile; fileRef = 2EB395851D3C01C600BDA594 /* PokemonListViewController.xib */; };
		2EB395891D3C020500BDA594 /* Assembly+ViewController.swift in Sources */ = {isa = PBXBuildFile; fileRef = 2EB395881D3C020500BDA594 /* Assembly+ViewController.swift */; };
		2EB3958B1D3C03E800BDA594 /* Assembly+Foundation.swift in Sources */ = {isa = PBXBuildFile; fileRef = 2EB3958A1D3C03E800BDA594 /* Assembly+Foundation.swift */; };
		2EB395901D3C064000BDA594 /* DataSourceUI.swift in Sources */ = {isa = PBXBuildFile; fileRef = 2EB3958F1D3C064000BDA594 /* DataSourceUI.swift */; };
		2EB395961D3C06BE00BDA594 /* CollectionDataSource.swift in Sources */ = {isa = PBXBuildFile; fileRef = 2EB395951D3C06BE00BDA594 /* CollectionDataSource.swift */; };
		2EB3959A1D3C079E00BDA594 /* ConfigurableUI.swift in Sources */ = {isa = PBXBuildFile; fileRef = 2EB395991D3C079E00BDA594 /* ConfigurableUI.swift */; };
		2EB395A11D3C088D00BDA594 /* BaseViewController+UI.swift in Sources */ = {isa = PBXBuildFile; fileRef = 2EB3959E1D3C088D00BDA594 /* BaseViewController+UI.swift */; };
		2EB395A21D3C088D00BDA594 /* BaseViewController.swift in Sources */ = {isa = PBXBuildFile; fileRef = 2EB3959F1D3C088D00BDA594 /* BaseViewController.swift */; };
		2EB395A41D3C08AB00BDA594 /* CollectionBaseViewController.swift in Sources */ = {isa = PBXBuildFile; fileRef = 2EB395A31D3C08AB00BDA594 /* CollectionBaseViewController.swift */; };
		2EB395A61D3C090E00BDA594 /* CollectionBaseViewController+DataSource.swift in Sources */ = {isa = PBXBuildFile; fileRef = 2EB395A51D3C090E00BDA594 /* CollectionBaseViewController+DataSource.swift */; };
		2EB395AA1D3C099800BDA594 /* UICollectionView+Reusable.swift in Sources */ = {isa = PBXBuildFile; fileRef = 2EB395A91D3C099800BDA594 /* UICollectionView+Reusable.swift */; };
		2EB395AD1D3C09C400BDA594 /* NSObject+ClassName.swift in Sources */ = {isa = PBXBuildFile; fileRef = 2EB395AC1D3C09C400BDA594 /* NSObject+ClassName.swift */; };
		D0128FE5129B3EAF61AF32FC /* Pods_Pokemon_WeaknessTests.framework in Frameworks */ = {isa = PBXBuildFile; fileRef = 9C3F93B1B8C746A248FF36FD /* Pods_Pokemon_WeaknessTests.framework */; };
		E8E29466760E68073664613E /* Pods_Pokemon_Weakness.framework in Frameworks */ = {isa = PBXBuildFile; fileRef = B6341A1D1B18B004FA4EB199 /* Pods_Pokemon_Weakness.framework */; };
/* End PBXBuildFile section */

/* Begin PBXContainerItemProxy section */
		2E8952801D3BE35F00E7DBCD /* PBXContainerItemProxy */ = {
			isa = PBXContainerItemProxy;
			containerPortal = 2E8952631D3BE35E00E7DBCD /* Project object */;
			proxyType = 1;
			remoteGlobalIDString = 2E89526A1D3BE35E00E7DBCD;
			remoteInfo = "Pokemon Weakness";
		};
/* End PBXContainerItemProxy section */

/* Begin PBXFileReference section */
		2E89526B1D3BE35E00E7DBCD /* Pokemon Weakness.app */ = {isa = PBXFileReference; explicitFileType = wrapper.application; includeInIndex = 0; path = "Pokemon Weakness.app"; sourceTree = BUILT_PRODUCTS_DIR; };
		2E8952781D3BE35F00E7DBCD /* Base */ = {isa = PBXFileReference; lastKnownFileType = file.storyboard; name = Base; path = Base.lproj/LaunchScreen.storyboard; sourceTree = "<group>"; };
		2E89527F1D3BE35F00E7DBCD /* Pokemon WeaknessTests.xctest */ = {isa = PBXFileReference; explicitFileType = wrapper.cfbundle; includeInIndex = 0; path = "Pokemon WeaknessTests.xctest"; sourceTree = BUILT_PRODUCTS_DIR; };
		2EB395301D3BE92E00BDA594 /* Assets.xcassets */ = {isa = PBXFileReference; lastKnownFileType = folder.assetcatalog; path = Assets.xcassets; sourceTree = "<group>"; };
		2EB395321D3BE92E00BDA594 /* AppDelegate.swift */ = {isa = PBXFileReference; fileEncoding = 4; lastKnownFileType = sourcecode.swift; path = AppDelegate.swift; sourceTree = "<group>"; };
		2EB395361D3BE97C00BDA594 /* Info.plist */ = {isa = PBXFileReference; fileEncoding = 4; lastKnownFileType = text.plist.xml; path = Info.plist; sourceTree = "<group>"; };
		2EB395431D3BEB0200BDA594 /* Info.plist */ = {isa = PBXFileReference; fileEncoding = 4; lastKnownFileType = text.plist.xml; path = Info.plist; sourceTree = "<group>"; };
		2EB395541D3BF7E700BDA594 /* Pokemon.swift */ = {isa = PBXFileReference; fileEncoding = 4; lastKnownFileType = sourcecode.swift; path = Pokemon.swift; sourceTree = "<group>"; };
		2EB395551D3BF7E700BDA594 /* PokemonType.swift */ = {isa = PBXFileReference; fileEncoding = 4; lastKnownFileType = sourcecode.swift; path = PokemonType.swift; sourceTree = "<group>"; };
		2EB395581D3BF7E700BDA594 /* PokemonDataSource.swift */ = {isa = PBXFileReference; fileEncoding = 4; lastKnownFileType = sourcecode.swift; path = PokemonDataSource.swift; sourceTree = "<group>"; };
		2EB395591D3BF7E700BDA594 /* PokemonRepository.swift */ = {isa = PBXFileReference; fileEncoding = 4; lastKnownFileType = sourcecode.swift; path = PokemonRepository.swift; sourceTree = "<group>"; };
		2EB395611D3BF83100BDA594 /* Task.swift */ = {isa = PBXFileReference; fileEncoding = 4; lastKnownFileType = sourcecode.swift; path = Task.swift; sourceTree = "<group>"; };
		2EB395641D3BF9AF00BDA594 /* Assembly.swift */ = {isa = PBXFileReference; fileEncoding = 4; lastKnownFileType = sourcecode.swift; path = Assembly.swift; sourceTree = "<group>"; };
		2EB395671D3BFAB600BDA594 /* DependencyContainer.swift */ = {isa = PBXFileReference; fileEncoding = 4; lastKnownFileType = sourcecode.swift; path = DependencyContainer.swift; sourceTree = "<group>"; };
		2EB395691D3BFB6A00BDA594 /* DefaultDependencyContainer.swift */ = {isa = PBXFileReference; fileEncoding = 4; lastKnownFileType = sourcecode.swift; path = DefaultDependencyContainer.swift; sourceTree = "<group>"; };
		2EB3956F1D3BFC3E00BDA594 /* DefaultDependencyContainerSpec.swift */ = {isa = PBXFileReference; fileEncoding = 4; lastKnownFileType = sourcecode.swift; path = DefaultDependencyContainerSpec.swift; sourceTree = "<group>"; };
		2EB395741D3BFE2900BDA594 /* TestEnviromentDetector.swift */ = {isa = PBXFileReference; fileEncoding = 4; lastKnownFileType = sourcecode.swift; path = TestEnviromentDetector.swift; sourceTree = "<group>"; };
		2EB395771D3BFEB000BDA594 /* ApplicationController.swift */ = {isa = PBXFileReference; fileEncoding = 4; lastKnownFileType = sourcecode.swift; path = ApplicationController.swift; sourceTree = "<group>"; };
		2EB395791D3BFEEB00BDA594 /* Assembly+Controller.swift */ = {isa = PBXFileReference; fileEncoding = 4; lastKnownFileType = sourcecode.swift; path = "Assembly+Controller.swift"; sourceTree = "<group>"; };
		2EB3957C1D3BFFB700BDA594 /* WindowCoordinable.swift */ = {isa = PBXFileReference; fileEncoding = 4; lastKnownFileType = sourcecode.swift; path = WindowCoordinable.swift; sourceTree = "<group>"; };
		2EB3957E1D3C010A00BDA594 /* DefaultWindowCoordinable.swift */ = {isa = PBXFileReference; fileEncoding = 4; lastKnownFileType = sourcecode.swift; path = DefaultWindowCoordinable.swift; sourceTree = "<group>"; };
		2EB395841D3C01C600BDA594 /* PokemonListViewController.swift */ = {isa = PBXFileReference; fileEncoding = 4; lastKnownFileType = sourcecode.swift; path = PokemonListViewController.swift; sourceTree = "<group>"; };
		2EB395851D3C01C600BDA594 /* PokemonListViewController.xib */ = {isa = PBXFileReference; fileEncoding = 4; lastKnownFileType = file.xib; path = PokemonListViewController.xib; sourceTree = "<group>"; };
		2EB395881D3C020500BDA594 /* Assembly+ViewController.swift */ = {isa = PBXFileReference; fileEncoding = 4; lastKnownFileType = sourcecode.swift; path = "Assembly+ViewController.swift"; sourceTree = "<group>"; };
		2EB3958A1D3C03E800BDA594 /* Assembly+Foundation.swift */ = {isa = PBXFileReference; fileEncoding = 4; lastKnownFileType = sourcecode.swift; path = "Assembly+Foundation.swift"; sourceTree = "<group>"; };
		2EB3958F1D3C064000BDA594 /* DataSourceUI.swift */ = {isa = PBXFileReference; fileEncoding = 4; lastKnownFileType = sourcecode.swift; path = DataSourceUI.swift; sourceTree = "<group>"; };
		2EB395951D3C06BE00BDA594 /* CollectionDataSource.swift */ = {isa = PBXFileReference; fileEncoding = 4; lastKnownFileType = sourcecode.swift; path = CollectionDataSource.swift; sourceTree = "<group>"; };
		2EB395991D3C079E00BDA594 /* ConfigurableUI.swift */ = {isa = PBXFileReference; fileEncoding = 4; lastKnownFileType = sourcecode.swift; path = ConfigurableUI.swift; sourceTree = "<group>"; };
		2EB3959E1D3C088D00BDA594 /* BaseViewController+UI.swift */ = {isa = PBXFileReference; fileEncoding = 4; lastKnownFileType = sourcecode.swift; path = "BaseViewController+UI.swift"; sourceTree = "<group>"; };
		2EB3959F1D3C088D00BDA594 /* BaseViewController.swift */ = {isa = PBXFileReference; fileEncoding = 4; lastKnownFileType = sourcecode.swift; path = BaseViewController.swift; sourceTree = "<group>"; };
		2EB395A31D3C08AB00BDA594 /* CollectionBaseViewController.swift */ = {isa = PBXFileReference; fileEncoding = 4; lastKnownFileType = sourcecode.swift; path = CollectionBaseViewController.swift; sourceTree = "<group>"; };
		2EB395A51D3C090E00BDA594 /* CollectionBaseViewController+DataSource.swift */ = {isa = PBXFileReference; fileEncoding = 4; lastKnownFileType = sourcecode.swift; path = "CollectionBaseViewController+DataSource.swift"; sourceTree = "<group>"; };
		2EB395A91D3C099800BDA594 /* UICollectionView+Reusable.swift */ = {isa = PBXFileReference; fileEncoding = 4; lastKnownFileType = sourcecode.swift; path = "UICollectionView+Reusable.swift"; sourceTree = "<group>"; };
		2EB395AC1D3C09C400BDA594 /* NSObject+ClassName.swift */ = {isa = PBXFileReference; fileEncoding = 4; lastKnownFileType = sourcecode.swift; path = "NSObject+ClassName.swift"; sourceTree = "<group>"; };
		6473391D288683B6158A31AA /* Pods-Pokemon WeaknessTests.debug.xcconfig */ = {isa = PBXFileReference; includeInIndex = 1; lastKnownFileType = text.xcconfig; name = "Pods-Pokemon WeaknessTests.debug.xcconfig"; path = "Pods/Target Support Files/Pods-Pokemon WeaknessTests/Pods-Pokemon WeaknessTests.debug.xcconfig"; sourceTree = "<group>"; };
		75B37CA464CBDB4B18A19BAC /* Pods-Pokemon WeaknessTests.release.xcconfig */ = {isa = PBXFileReference; includeInIndex = 1; lastKnownFileType = text.xcconfig; name = "Pods-Pokemon WeaknessTests.release.xcconfig"; path = "Pods/Target Support Files/Pods-Pokemon WeaknessTests/Pods-Pokemon WeaknessTests.release.xcconfig"; sourceTree = "<group>"; };
		9C3F93B1B8C746A248FF36FD /* Pods_Pokemon_WeaknessTests.framework */ = {isa = PBXFileReference; explicitFileType = wrapper.framework; includeInIndex = 0; path = Pods_Pokemon_WeaknessTests.framework; sourceTree = BUILT_PRODUCTS_DIR; };
		9FDC292C8E31FCF78DBB2790 /* Pods-Pokemon Weakness.release.xcconfig */ = {isa = PBXFileReference; includeInIndex = 1; lastKnownFileType = text.xcconfig; name = "Pods-Pokemon Weakness.release.xcconfig"; path = "Pods/Target Support Files/Pods-Pokemon Weakness/Pods-Pokemon Weakness.release.xcconfig"; sourceTree = "<group>"; };
		A658B165822E1C0D253C224A /* Pods-Pokemon Weakness.debug.xcconfig */ = {isa = PBXFileReference; includeInIndex = 1; lastKnownFileType = text.xcconfig; name = "Pods-Pokemon Weakness.debug.xcconfig"; path = "Pods/Target Support Files/Pods-Pokemon Weakness/Pods-Pokemon Weakness.debug.xcconfig"; sourceTree = "<group>"; };
		B6341A1D1B18B004FA4EB199 /* Pods_Pokemon_Weakness.framework */ = {isa = PBXFileReference; explicitFileType = wrapper.framework; includeInIndex = 0; path = Pods_Pokemon_Weakness.framework; sourceTree = BUILT_PRODUCTS_DIR; };
/* End PBXFileReference section */

/* Begin PBXFrameworksBuildPhase section */
		2E8952681D3BE35E00E7DBCD /* Frameworks */ = {
			isa = PBXFrameworksBuildPhase;
			buildActionMask = 2147483647;
			files = (
				E8E29466760E68073664613E /* Pods_Pokemon_Weakness.framework in Frameworks */,
			);
			runOnlyForDeploymentPostprocessing = 0;
		};
		2E89527C1D3BE35F00E7DBCD /* Frameworks */ = {
			isa = PBXFrameworksBuildPhase;
			buildActionMask = 2147483647;
			files = (
				D0128FE5129B3EAF61AF32FC /* Pods_Pokemon_WeaknessTests.framework in Frameworks */,
			);
			runOnlyForDeploymentPostprocessing = 0;
		};
/* End PBXFrameworksBuildPhase section */

/* Begin PBXGroup section */
		2E8952621D3BE35E00E7DBCD = {
			isa = PBXGroup;
			children = (
				2E89526D1D3BE35E00E7DBCD /* Pokemon Weakness */,
				2EB395391D3BE9AE00BDA594 /* Tests ✅ */,
				2E89526C1D3BE35E00E7DBCD /* Products */,
				E1DF30253E1E389C2AAAAA9B /* Pods */,
				73D6D18F2FCB8DAD1B84BF75 /* Frameworks */,
			);
			sourceTree = "<group>";
		};
		2E89526C1D3BE35E00E7DBCD /* Products */ = {
			isa = PBXGroup;
			children = (
				2E89526B1D3BE35E00E7DBCD /* Pokemon Weakness.app */,
				2E89527F1D3BE35F00E7DBCD /* Pokemon WeaknessTests.xctest */,
			);
			name = Products;
			sourceTree = "<group>";
		};
		2E89526D1D3BE35E00E7DBCD /* Pokemon Weakness */ = {
			isa = PBXGroup;
			children = (
				2EB395311D3BE92E00BDA594 /* App */,
				2EB395521D3BF7E700BDA594 /* Domain */,
				2EB395801D3C019100BDA594 /* Feature 🚀 */,
				2EB3952F1D3BE92E00BDA594 /* Resources */,
			);
			path = "Pokemon Weakness";
			sourceTree = "<group>";
		};
		2EB3952F1D3BE92E00BDA594 /* Resources */ = {
			isa = PBXGroup;
			children = (
				2EB395381D3BE98E00BDA594 /* Storyboards */,
				2EB395351D3BE97C00BDA594 /* Project */,
				2EB395301D3BE92E00BDA594 /* Assets.xcassets */,
			);
			path = Resources;
			sourceTree = "<group>";
		};
		2EB395311D3BE92E00BDA594 /* App */ = {
			isa = PBXGroup;
			children = (
				2EB395321D3BE92E00BDA594 /* AppDelegate.swift */,
				2EB395761D3BFEA800BDA594 /* Application Controller */,
				2EB3955E1D3BF81D00BDA594 /* Core */,
				2EB395711D3BFE1300BDA594 /* Common */,
			);
			path = App;
			sourceTree = "<group>";
		};
		2EB395351D3BE97C00BDA594 /* Project */ = {
			isa = PBXGroup;
			children = (
				2EB395361D3BE97C00BDA594 /* Info.plist */,
			);
			path = Project;
			sourceTree = "<group>";
		};
		2EB395381D3BE98E00BDA594 /* Storyboards */ = {
			isa = PBXGroup;
			children = (
				2E8952771D3BE35F00E7DBCD /* LaunchScreen.storyboard */,
			);
			name = Storyboards;
			sourceTree = "<group>";
		};
		2EB395391D3BE9AE00BDA594 /* Tests ✅ */ = {
			isa = PBXGroup;
			children = (
				2EB3956B1D3BFC2700BDA594 /* App */,
				2EB395411D3BEAEE00BDA594 /* Resources */,
			);
			name = "Tests ✅";
			path = Tests;
			sourceTree = "<group>";
		};
		2EB395411D3BEAEE00BDA594 /* Resources */ = {
			isa = PBXGroup;
			children = (
				2EB395421D3BEAEE00BDA594 /* Project */,
			);
			path = Resources;
			sourceTree = "<group>";
		};
		2EB395421D3BEAEE00BDA594 /* Project */ = {
			isa = PBXGroup;
			children = (
				2EB395431D3BEB0200BDA594 /* Info.plist */,
			);
			path = Project;
			sourceTree = "<group>";
		};
		2EB395521D3BF7E700BDA594 /* Domain */ = {
			isa = PBXGroup;
			children = (
				2EB395531D3BF7E700BDA594 /* Model */,
				2EB395561D3BF7E700BDA594 /* Repository */,
			);
			path = Domain;
			sourceTree = "<group>";
		};
		2EB395531D3BF7E700BDA594 /* Model */ = {
			isa = PBXGroup;
			children = (
				2EB395541D3BF7E700BDA594 /* Pokemon.swift */,
				2EB395551D3BF7E700BDA594 /* PokemonType.swift */,
			);
			path = Model;
			sourceTree = "<group>";
		};
		2EB395561D3BF7E700BDA594 /* Repository */ = {
			isa = PBXGroup;
			children = (
				2EB395571D3BF7E700BDA594 /* Data Source */,
				2EB395591D3BF7E700BDA594 /* PokemonRepository.swift */,
			);
			path = Repository;
			sourceTree = "<group>";
		};
		2EB395571D3BF7E700BDA594 /* Data Source */ = {
			isa = PBXGroup;
			children = (
				2EB395581D3BF7E700BDA594 /* PokemonDataSource.swift */,
			);
			path = "Data Source";
			sourceTree = "<group>";
		};
		2EB3955E1D3BF81D00BDA594 /* Core */ = {
			isa = PBXGroup;
			children = (
				2EB395631D3BF9A800BDA594 /* Assembly */,
				2EB3955F1D3BF81D00BDA594 /* Protocols */,
			);
			path = Core;
			sourceTree = "<group>";
		};
		2EB3955F1D3BF81D00BDA594 /* Protocols */ = {
			isa = PBXGroup;
			children = (
				2EB395601D3BF81D00BDA594 /* Task */,
				2EB3957B1D3BFFAB00BDA594 /* Window Coordinable */,
			);
			path = Protocols;
			sourceTree = "<group>";
		};
		2EB395601D3BF81D00BDA594 /* Task */ = {
			isa = PBXGroup;
			children = (
				2EB395611D3BF83100BDA594 /* Task.swift */,
			);
			path = Task;
			sourceTree = "<group>";
		};
		2EB395631D3BF9A800BDA594 /* Assembly */ = {
			isa = PBXGroup;
			children = (
				2EB395641D3BF9AF00BDA594 /* Assembly.swift */,
				2EB395791D3BFEEB00BDA594 /* Assembly+Controller.swift */,
				2EB395881D3C020500BDA594 /* Assembly+ViewController.swift */,
				2EB3958A1D3C03E800BDA594 /* Assembly+Foundation.swift */,
				2EB395661D3BFA9B00BDA594 /* Dependency Container */,
			);
			path = Assembly;
			sourceTree = "<group>";
		};
		2EB395661D3BFA9B00BDA594 /* Dependency Container */ = {
			isa = PBXGroup;
			children = (
				2EB395671D3BFAB600BDA594 /* DependencyContainer.swift */,
				2EB395691D3BFB6A00BDA594 /* DefaultDependencyContainer.swift */,
			);
			path = "Dependency Container";
			sourceTree = "<group>";
		};
		2EB3956B1D3BFC2700BDA594 /* App */ = {
			isa = PBXGroup;
			children = (
				2EB3956C1D3BFC2700BDA594 /* Core */,
			);
			path = App;
			sourceTree = "<group>";
		};
		2EB3956C1D3BFC2700BDA594 /* Core */ = {
			isa = PBXGroup;
			children = (
				2EB3956D1D3BFC2700BDA594 /* Assembly */,
			);
			path = Core;
			sourceTree = "<group>";
		};
		2EB3956D1D3BFC2700BDA594 /* Assembly */ = {
			isa = PBXGroup;
			children = (
				2EB3956E1D3BFC2700BDA594 /* Dependency Container */,
			);
			path = Assembly;
			sourceTree = "<group>";
		};
		2EB3956E1D3BFC2700BDA594 /* Dependency Container */ = {
			isa = PBXGroup;
			children = (
				2EB3956F1D3BFC3E00BDA594 /* DefaultDependencyContainerSpec.swift */,
			);
			path = "Dependency Container";
			sourceTree = "<group>";
		};
		2EB395711D3BFE1300BDA594 /* Common */ = {
			isa = PBXGroup;
			children = (
				2EB395721D3BFE1300BDA594 /* Utils */,
				2EB395A71D3C097B00BDA594 /* Extensions */,
			);
			path = Common;
			sourceTree = "<group>";
		};
		2EB395721D3BFE1300BDA594 /* Utils */ = {
			isa = PBXGroup;
			children = (
				2EB395731D3BFE1300BDA594 /* Test Enviroment Detector */,
			);
			path = Utils;
			sourceTree = "<group>";
		};
		2EB395731D3BFE1300BDA594 /* Test Enviroment Detector */ = {
			isa = PBXGroup;
			children = (
				2EB395741D3BFE2900BDA594 /* TestEnviromentDetector.swift */,
			);
			path = "Test Enviroment Detector";
			sourceTree = "<group>";
		};
		2EB395761D3BFEA800BDA594 /* Application Controller */ = {
			isa = PBXGroup;
			children = (
				2EB395771D3BFEB000BDA594 /* ApplicationController.swift */,
			);
			path = "Application Controller";
			sourceTree = "<group>";
		};
		2EB3957B1D3BFFAB00BDA594 /* Window Coordinable */ = {
			isa = PBXGroup;
			children = (
				2EB3957C1D3BFFB700BDA594 /* WindowCoordinable.swift */,
				2EB3957E1D3C010A00BDA594 /* DefaultWindowCoordinable.swift */,
			);
			path = "Window Coordinable";
			sourceTree = "<group>";
		};
		2EB395801D3C019100BDA594 /* Feature 🚀 */ = {
			isa = PBXGroup;
			children = (
				2EB3958C1D3C061A00BDA594 /* Base */,
				2EB395811D3C01B300BDA594 /* Pokemon List */,
			);
			name = "Feature 🚀";
			path = Feature;
			sourceTree = "<group>";
		};
		2EB395811D3C01B300BDA594 /* Pokemon List */ = {
			isa = PBXGroup;
			children = (
				2EB395821D3C01B300BDA594 /* View */,
			);
			path = "Pokemon List";
			sourceTree = "<group>";
		};
		2EB395821D3C01B300BDA594 /* View */ = {
			isa = PBXGroup;
			children = (
				2EB395831D3C01B300BDA594 /* View Controller */,
			);
			path = View;
			sourceTree = "<group>";
		};
		2EB395831D3C01B300BDA594 /* View Controller */ = {
			isa = PBXGroup;
			children = (
				2EB395841D3C01C600BDA594 /* PokemonListViewController.swift */,
				2EB395851D3C01C600BDA594 /* PokemonListViewController.xib */,
			);
			path = "View Controller";
			sourceTree = "<group>";
		};
		2EB3958C1D3C061A00BDA594 /* Base */ = {
			isa = PBXGroup;
			children = (
				2EB3958D1D3C061A00BDA594 /* View */,
				2EB395931D3C06AB00BDA594 /* Controller */,
			);
			path = Base;
			sourceTree = "<group>";
		};
		2EB3958D1D3C061A00BDA594 /* View */ = {
			isa = PBXGroup;
			children = (
				2EB3958F1D3C064000BDA594 /* DataSourceUI.swift */,
				2EB395991D3C079E00BDA594 /* ConfigurableUI.swift */,
				2EB3958E1D3C061A00BDA594 /* View Controller */,
			);
			path = View;
			sourceTree = "<group>";
		};
		2EB3958E1D3C061A00BDA594 /* View Controller */ = {
			isa = PBXGroup;
			children = (
				2EB3959D1D3C088D00BDA594 /* Base */,
				2EB395A01D3C088D00BDA594 /* Collection */,
			);
			path = "View Controller";
			sourceTree = "<group>";
		};
		2EB395931D3C06AB00BDA594 /* Controller */ = {
			isa = PBXGroup;
			children = (
				2EB395941D3C06AB00BDA594 /* Data Source */,
			);
			path = Controller;
			sourceTree = "<group>";
		};
		2EB395941D3C06AB00BDA594 /* Data Source */ = {
			isa = PBXGroup;
			children = (
				2EB395951D3C06BE00BDA594 /* CollectionDataSource.swift */,
			);
			path = "Data Source";
			sourceTree = "<group>";
		};
		2EB3959D1D3C088D00BDA594 /* Base */ = {
			isa = PBXGroup;
			children = (
				2EB3959E1D3C088D00BDA594 /* BaseViewController+UI.swift */,
				2EB3959F1D3C088D00BDA594 /* BaseViewController.swift */,
			);
			path = Base;
			sourceTree = "<group>";
		};
		2EB395A01D3C088D00BDA594 /* Collection */ = {
			isa = PBXGroup;
			children = (
				2EB395A31D3C08AB00BDA594 /* CollectionBaseViewController.swift */,
				2EB395A51D3C090E00BDA594 /* CollectionBaseViewController+DataSource.swift */,
			);
			path = Collection;
			sourceTree = "<group>";
		};
		2EB395A71D3C097B00BDA594 /* Extensions */ = {
			isa = PBXGroup;
			children = (
				2EB395AB1D3C09BC00BDA594 /* NSObject */,
				2EB395A81D3C098D00BDA594 /* UICollectionView */,
			);
			path = Extensions;
			sourceTree = "<group>";
		};
		2EB395A81D3C098D00BDA594 /* UICollectionView */ = {
			isa = PBXGroup;
			children = (
				2EB395A91D3C099800BDA594 /* UICollectionView+Reusable.swift */,
			);
			path = UICollectionView;
			sourceTree = "<group>";
		};
		2EB395AB1D3C09BC00BDA594 /* NSObject */ = {
			isa = PBXGroup;
			children = (
				2EB395AC1D3C09C400BDA594 /* NSObject+ClassName.swift */,
			);
			path = NSObject;
			sourceTree = "<group>";
		};
		73D6D18F2FCB8DAD1B84BF75 /* Frameworks */ = {
			isa = PBXGroup;
			children = (
				B6341A1D1B18B004FA4EB199 /* Pods_Pokemon_Weakness.framework */,
				9C3F93B1B8C746A248FF36FD /* Pods_Pokemon_WeaknessTests.framework */,
			);
			name = Frameworks;
			sourceTree = "<group>";
		};
		E1DF30253E1E389C2AAAAA9B /* Pods */ = {
			isa = PBXGroup;
			children = (
				A658B165822E1C0D253C224A /* Pods-Pokemon Weakness.debug.xcconfig */,
				9FDC292C8E31FCF78DBB2790 /* Pods-Pokemon Weakness.release.xcconfig */,
				6473391D288683B6158A31AA /* Pods-Pokemon WeaknessTests.debug.xcconfig */,
				75B37CA464CBDB4B18A19BAC /* Pods-Pokemon WeaknessTests.release.xcconfig */,
			);
			name = Pods;
			sourceTree = "<group>";
		};
/* End PBXGroup section */

/* Begin PBXNativeTarget section */
		2E89526A1D3BE35E00E7DBCD /* Pokemon Weakness */ = {
			isa = PBXNativeTarget;
			buildConfigurationList = 2E8952881D3BE35F00E7DBCD /* Build configuration list for PBXNativeTarget "Pokemon Weakness" */;
			buildPhases = (
				E81B0B281A51DE9AF161B60B /* [CP] Check Pods Manifest.lock */,
				2E8952671D3BE35E00E7DBCD /* Sources */,
				2E8952681D3BE35E00E7DBCD /* Frameworks */,
				2E8952691D3BE35E00E7DBCD /* Resources */,
				3C1DD7E0CDD9DC3C4B35C231 /* [CP] Embed Pods Frameworks */,
				2E53D30073D82EC6D329F615 /* [CP] Copy Pods Resources */,
			);
			buildRules = (
			);
			dependencies = (
			);
			name = "Pokemon Weakness";
			productName = "Pokemon Weakness";
			productReference = 2E89526B1D3BE35E00E7DBCD /* Pokemon Weakness.app */;
			productType = "com.apple.product-type.application";
		};
		2E89527E1D3BE35F00E7DBCD /* Pokemon WeaknessTests */ = {
			isa = PBXNativeTarget;
			buildConfigurationList = 2E89528B1D3BE35F00E7DBCD /* Build configuration list for PBXNativeTarget "Pokemon WeaknessTests" */;
			buildPhases = (
				6A82DECBEE362766B5DCDC55 /* [CP] Check Pods Manifest.lock */,
				2E89527B1D3BE35F00E7DBCD /* Sources */,
				2E89527C1D3BE35F00E7DBCD /* Frameworks */,
				2E89527D1D3BE35F00E7DBCD /* Resources */,
				15F4C54513F7384922FFD2AF /* [CP] Embed Pods Frameworks */,
				11639F4EEE496EE1CA5999C6 /* [CP] Copy Pods Resources */,
			);
			buildRules = (
			);
			dependencies = (
				2E8952811D3BE35F00E7DBCD /* PBXTargetDependency */,
			);
			name = "Pokemon WeaknessTests";
			productName = "Pokemon WeaknessTests";
			productReference = 2E89527F1D3BE35F00E7DBCD /* Pokemon WeaknessTests.xctest */;
			productType = "com.apple.product-type.bundle.unit-test";
		};
/* End PBXNativeTarget section */

/* Begin PBXProject section */
		2E8952631D3BE35E00E7DBCD /* Project object */ = {
			isa = PBXProject;
			attributes = {
				LastSwiftUpdateCheck = 0730;
				LastUpgradeCheck = 0730;
				ORGANIZATIONNAME = Skydev;
				TargetAttributes = {
					2E89526A1D3BE35E00E7DBCD = {
						CreatedOnToolsVersion = 7.3.1;
					};
					2E89527E1D3BE35F00E7DBCD = {
						CreatedOnToolsVersion = 7.3.1;
						TestTargetID = 2E89526A1D3BE35E00E7DBCD;
					};
				};
			};
			buildConfigurationList = 2E8952661D3BE35E00E7DBCD /* Build configuration list for PBXProject "Pokemon Weakness" */;
			compatibilityVersion = "Xcode 3.2";
			developmentRegion = English;
			hasScannedForEncodings = 0;
			knownRegions = (
				en,
				Base,
			);
			mainGroup = 2E8952621D3BE35E00E7DBCD;
			productRefGroup = 2E89526C1D3BE35E00E7DBCD /* Products */;
			projectDirPath = "";
			projectRoot = "";
			targets = (
				2E89526A1D3BE35E00E7DBCD /* Pokemon Weakness */,
				2E89527E1D3BE35F00E7DBCD /* Pokemon WeaknessTests */,
			);
		};
/* End PBXProject section */

/* Begin PBXResourcesBuildPhase section */
		2E8952691D3BE35E00E7DBCD /* Resources */ = {
			isa = PBXResourcesBuildPhase;
			buildActionMask = 2147483647;
			files = (
				2EB395871D3C01C600BDA594 /* PokemonListViewController.xib in Resources */,
				2EB395331D3BE92E00BDA594 /* Assets.xcassets in Resources */,
				2E8952791D3BE35F00E7DBCD /* LaunchScreen.storyboard in Resources */,
			);
			runOnlyForDeploymentPostprocessing = 0;
		};
		2E89527D1D3BE35F00E7DBCD /* Resources */ = {
			isa = PBXResourcesBuildPhase;
			buildActionMask = 2147483647;
			files = (
			);
			runOnlyForDeploymentPostprocessing = 0;
		};
/* End PBXResourcesBuildPhase section */

/* Begin PBXShellScriptBuildPhase section */
		11639F4EEE496EE1CA5999C6 /* [CP] Copy Pods Resources */ = {
			isa = PBXShellScriptBuildPhase;
			buildActionMask = 2147483647;
			files = (
			);
			inputPaths = (
			);
			name = "[CP] Copy Pods Resources";
			outputPaths = (
			);
			runOnlyForDeploymentPostprocessing = 0;
			shellPath = /bin/sh;
			shellScript = "\"${SRCROOT}/Pods/Target Support Files/Pods-Pokemon WeaknessTests/Pods-Pokemon WeaknessTests-resources.sh\"\n";
			showEnvVarsInLog = 0;
		};
		15F4C54513F7384922FFD2AF /* [CP] Embed Pods Frameworks */ = {
			isa = PBXShellScriptBuildPhase;
			buildActionMask = 2147483647;
			files = (
			);
			inputPaths = (
			);
			name = "[CP] Embed Pods Frameworks";
			outputPaths = (
			);
			runOnlyForDeploymentPostprocessing = 0;
			shellPath = /bin/sh;
			shellScript = "\"${SRCROOT}/Pods/Target Support Files/Pods-Pokemon WeaknessTests/Pods-Pokemon WeaknessTests-frameworks.sh\"\n";
			showEnvVarsInLog = 0;
		};
		2E53D30073D82EC6D329F615 /* [CP] Copy Pods Resources */ = {
			isa = PBXShellScriptBuildPhase;
			buildActionMask = 2147483647;
			files = (
			);
			inputPaths = (
			);
			name = "[CP] Copy Pods Resources";
			outputPaths = (
			);
			runOnlyForDeploymentPostprocessing = 0;
			shellPath = /bin/sh;
			shellScript = "\"${SRCROOT}/Pods/Target Support Files/Pods-Pokemon Weakness/Pods-Pokemon Weakness-resources.sh\"\n";
			showEnvVarsInLog = 0;
		};
		3C1DD7E0CDD9DC3C4B35C231 /* [CP] Embed Pods Frameworks */ = {
			isa = PBXShellScriptBuildPhase;
			buildActionMask = 2147483647;
			files = (
			);
			inputPaths = (
			);
			name = "[CP] Embed Pods Frameworks";
			outputPaths = (
			);
			runOnlyForDeploymentPostprocessing = 0;
			shellPath = /bin/sh;
			shellScript = "\"${SRCROOT}/Pods/Target Support Files/Pods-Pokemon Weakness/Pods-Pokemon Weakness-frameworks.sh\"\n";
			showEnvVarsInLog = 0;
		};
		6A82DECBEE362766B5DCDC55 /* [CP] Check Pods Manifest.lock */ = {
			isa = PBXShellScriptBuildPhase;
			buildActionMask = 2147483647;
			files = (
			);
			inputPaths = (
			);
			name = "[CP] Check Pods Manifest.lock";
			outputPaths = (
			);
			runOnlyForDeploymentPostprocessing = 0;
			shellPath = /bin/sh;
			shellScript = "diff \"${PODS_ROOT}/../Podfile.lock\" \"${PODS_ROOT}/Manifest.lock\" > /dev/null\nif [[ $? != 0 ]] ; then\n    cat << EOM\nerror: The sandbox is not in sync with the Podfile.lock. Run 'pod install' or update your CocoaPods installation.\nEOM\n    exit 1\nfi\n";
			showEnvVarsInLog = 0;
		};
		E81B0B281A51DE9AF161B60B /* [CP] Check Pods Manifest.lock */ = {
			isa = PBXShellScriptBuildPhase;
			buildActionMask = 2147483647;
			files = (
			);
			inputPaths = (
			);
			name = "[CP] Check Pods Manifest.lock";
			outputPaths = (
			);
			runOnlyForDeploymentPostprocessing = 0;
			shellPath = /bin/sh;
			shellScript = "diff \"${PODS_ROOT}/../Podfile.lock\" \"${PODS_ROOT}/Manifest.lock\" > /dev/null\nif [[ $? != 0 ]] ; then\n    cat << EOM\nerror: The sandbox is not in sync with the Podfile.lock. Run 'pod install' or update your CocoaPods installation.\nEOM\n    exit 1\nfi\n";
			showEnvVarsInLog = 0;
		};
/* End PBXShellScriptBuildPhase section */

/* Begin PBXSourcesBuildPhase section */
		2E8952671D3BE35E00E7DBCD /* Sources */ = {
			isa = PBXSourcesBuildPhase;
			buildActionMask = 2147483647;
			files = (
				2EB3955B1D3BF7E700BDA594 /* PokemonType.swift in Sources */,
				2EB395781D3BFEB000BDA594 /* ApplicationController.swift in Sources */,
				2EB395A41D3C08AB00BDA594 /* CollectionBaseViewController.swift in Sources */,
				2EB395891D3C020500BDA594 /* Assembly+ViewController.swift in Sources */,
				2EB395A61D3C090E00BDA594 /* CollectionBaseViewController+DataSource.swift in Sources */,
				2EB3958B1D3C03E800BDA594 /* Assembly+Foundation.swift in Sources */,
				2EB395901D3C064000BDA594 /* DataSourceUI.swift in Sources */,
				2EB3955D1D3BF7E700BDA594 /* PokemonRepository.swift in Sources */,
				2EB3957A1D3BFEEB00BDA594 /* Assembly+Controller.swift in Sources */,
				2EB395341D3BE92E00BDA594 /* AppDelegate.swift in Sources */,
				2EB3956A1D3BFB6A00BDA594 /* DefaultDependencyContainer.swift in Sources */,
				2EB3957D1D3BFFB700BDA594 /* WindowCoordinable.swift in Sources */,
				2EB395751D3BFE2900BDA594 /* TestEnviromentDetector.swift in Sources */,
				2EB395651D3BF9AF00BDA594 /* Assembly.swift in Sources */,
				2EB3959A1D3C079E00BDA594 /* ConfigurableUI.swift in Sources */,
				2EB395A21D3C088D00BDA594 /* BaseViewController.swift in Sources */,
				2EB395AA1D3C099800BDA594 /* UICollectionView+Reusable.swift in Sources */,
				2EB395AD1D3C09C400BDA594 /* NSObject+ClassName.swift in Sources */,
				2EB395961D3C06BE00BDA594 /* CollectionDataSource.swift in Sources */,
				2EB3955C1D3BF7E700BDA594 /* PokemonDataSource.swift in Sources */,
				2EB3957F1D3C010A00BDA594 /* DefaultWindowCoordinable.swift in Sources */,
				2EB395A11D3C088D00BDA594 /* BaseViewController+UI.swift in Sources */,
				2EB395621D3BF83100BDA594 /* Task.swift in Sources */,
				2EB395681D3BFAB600BDA594 /* DependencyContainer.swift in Sources */,
				2EB395861D3C01C600BDA594 /* PokemonListViewController.swift in Sources */,
				2EB3955A1D3BF7E700BDA594 /* Pokemon.swift in Sources */,
			);
			runOnlyForDeploymentPostprocessing = 0;
		};
		2E89527B1D3BE35F00E7DBCD /* Sources */ = {
			isa = PBXSourcesBuildPhase;
			buildActionMask = 2147483647;
			files = (
				2EB395701D3BFC3E00BDA594 /* DefaultDependencyContainerSpec.swift in Sources */,
			);
			runOnlyForDeploymentPostprocessing = 0;
		};
/* End PBXSourcesBuildPhase section */

/* Begin PBXTargetDependency section */
		2E8952811D3BE35F00E7DBCD /* PBXTargetDependency */ = {
			isa = PBXTargetDependency;
			target = 2E89526A1D3BE35E00E7DBCD /* Pokemon Weakness */;
			targetProxy = 2E8952801D3BE35F00E7DBCD /* PBXContainerItemProxy */;
		};
/* End PBXTargetDependency section */

/* Begin PBXVariantGroup section */
		2E8952771D3BE35F00E7DBCD /* LaunchScreen.storyboard */ = {
			isa = PBXVariantGroup;
			children = (
				2E8952781D3BE35F00E7DBCD /* Base */,
			);
			name = LaunchScreen.storyboard;
			path = ..;
			sourceTree = "<group>";
		};
/* End PBXVariantGroup section */

/* Begin XCBuildConfiguration section */
		2E8952861D3BE35F00E7DBCD /* Debug */ = {
			isa = XCBuildConfiguration;
			buildSettings = {
				ALWAYS_SEARCH_USER_PATHS = NO;
				CLANG_ANALYZER_NONNULL = YES;
				CLANG_CXX_LANGUAGE_STANDARD = "gnu++0x";
				CLANG_CXX_LIBRARY = "libc++";
				CLANG_ENABLE_MODULES = YES;
				CLANG_ENABLE_OBJC_ARC = YES;
				CLANG_WARN_BOOL_CONVERSION = YES;
				CLANG_WARN_CONSTANT_CONVERSION = YES;
				CLANG_WARN_DIRECT_OBJC_ISA_USAGE = YES_ERROR;
				CLANG_WARN_EMPTY_BODY = YES;
				CLANG_WARN_ENUM_CONVERSION = YES;
				CLANG_WARN_INT_CONVERSION = YES;
				CLANG_WARN_OBJC_ROOT_CLASS = YES_ERROR;
				CLANG_WARN_UNREACHABLE_CODE = YES;
				CLANG_WARN__DUPLICATE_METHOD_MATCH = YES;
				"CODE_SIGN_IDENTITY[sdk=iphoneos*]" = "iPhone Developer";
				COPY_PHASE_STRIP = NO;
				DEBUG_INFORMATION_FORMAT = dwarf;
				ENABLE_STRICT_OBJC_MSGSEND = YES;
				ENABLE_TESTABILITY = YES;
				GCC_C_LANGUAGE_STANDARD = gnu99;
				GCC_DYNAMIC_NO_PIC = NO;
				GCC_NO_COMMON_BLOCKS = YES;
				GCC_OPTIMIZATION_LEVEL = 0;
				GCC_PREPROCESSOR_DEFINITIONS = (
					"DEBUG=1",
					"$(inherited)",
				);
				GCC_WARN_64_TO_32_BIT_CONVERSION = YES;
				GCC_WARN_ABOUT_RETURN_TYPE = YES_ERROR;
				GCC_WARN_UNDECLARED_SELECTOR = YES;
				GCC_WARN_UNINITIALIZED_AUTOS = YES_AGGRESSIVE;
				GCC_WARN_UNUSED_FUNCTION = YES;
				GCC_WARN_UNUSED_VARIABLE = YES;
				IPHONEOS_DEPLOYMENT_TARGET = 9.3;
				MTL_ENABLE_DEBUG_INFO = YES;
				ONLY_ACTIVE_ARCH = YES;
				SDKROOT = iphoneos;
				SWIFT_OPTIMIZATION_LEVEL = "-Onone";
			};
			name = Debug;
		};
		2E8952871D3BE35F00E7DBCD /* Release */ = {
			isa = XCBuildConfiguration;
			buildSettings = {
				ALWAYS_SEARCH_USER_PATHS = NO;
				CLANG_ANALYZER_NONNULL = YES;
				CLANG_CXX_LANGUAGE_STANDARD = "gnu++0x";
				CLANG_CXX_LIBRARY = "libc++";
				CLANG_ENABLE_MODULES = YES;
				CLANG_ENABLE_OBJC_ARC = YES;
				CLANG_WARN_BOOL_CONVERSION = YES;
				CLANG_WARN_CONSTANT_CONVERSION = YES;
				CLANG_WARN_DIRECT_OBJC_ISA_USAGE = YES_ERROR;
				CLANG_WARN_EMPTY_BODY = YES;
				CLANG_WARN_ENUM_CONVERSION = YES;
				CLANG_WARN_INT_CONVERSION = YES;
				CLANG_WARN_OBJC_ROOT_CLASS = YES_ERROR;
				CLANG_WARN_UNREACHABLE_CODE = YES;
				CLANG_WARN__DUPLICATE_METHOD_MATCH = YES;
				"CODE_SIGN_IDENTITY[sdk=iphoneos*]" = "iPhone Developer";
				COPY_PHASE_STRIP = NO;
				DEBUG_INFORMATION_FORMAT = "dwarf-with-dsym";
				ENABLE_NS_ASSERTIONS = NO;
				ENABLE_STRICT_OBJC_MSGSEND = YES;
				GCC_C_LANGUAGE_STANDARD = gnu99;
				GCC_NO_COMMON_BLOCKS = YES;
				GCC_WARN_64_TO_32_BIT_CONVERSION = YES;
				GCC_WARN_ABOUT_RETURN_TYPE = YES_ERROR;
				GCC_WARN_UNDECLARED_SELECTOR = YES;
				GCC_WARN_UNINITIALIZED_AUTOS = YES_AGGRESSIVE;
				GCC_WARN_UNUSED_FUNCTION = YES;
				GCC_WARN_UNUSED_VARIABLE = YES;
				IPHONEOS_DEPLOYMENT_TARGET = 9.3;
				MTL_ENABLE_DEBUG_INFO = NO;
				SDKROOT = iphoneos;
				VALIDATE_PRODUCT = YES;
			};
			name = Release;
		};
		2E8952891D3BE35F00E7DBCD /* Debug */ = {
			isa = XCBuildConfiguration;
			baseConfigurationReference = A658B165822E1C0D253C224A /* Pods-Pokemon Weakness.debug.xcconfig */;
			buildSettings = {
				ASSETCATALOG_COMPILER_APPICON_NAME = AppIcon;
				INFOPLIST_FILE = "$(SRCROOT)/Pokemon Weakness/Resources/Project/Info.plist";
				IPHONEOS_DEPLOYMENT_TARGET = 8.0;
				LD_RUNPATH_SEARCH_PATHS = "$(inherited) @executable_path/Frameworks";
				PRODUCT_BUNDLE_IDENTIFIER = "skydev.Pokemon-Weakness";
				PRODUCT_NAME = "$(TARGET_NAME)";
			};
			name = Debug;
		};
		2E89528A1D3BE35F00E7DBCD /* Release */ = {
			isa = XCBuildConfiguration;
			baseConfigurationReference = 9FDC292C8E31FCF78DBB2790 /* Pods-Pokemon Weakness.release.xcconfig */;
			buildSettings = {
				ASSETCATALOG_COMPILER_APPICON_NAME = AppIcon;
				INFOPLIST_FILE = "$(SRCROOT)/Pokemon Weakness/Resources/Project/Info.plist";
				IPHONEOS_DEPLOYMENT_TARGET = 8.0;
				LD_RUNPATH_SEARCH_PATHS = "$(inherited) @executable_path/Frameworks";
				PRODUCT_BUNDLE_IDENTIFIER = "skydev.Pokemon-Weakness";
				PRODUCT_NAME = "$(TARGET_NAME)";
			};
			name = Release;
		};
		2E89528C1D3BE35F00E7DBCD /* Debug */ = {
			isa = XCBuildConfiguration;
			baseConfigurationReference = 6473391D288683B6158A31AA /* Pods-Pokemon WeaknessTests.debug.xcconfig */;
			buildSettings = {
				BUNDLE_LOADER = "$(TEST_HOST)";
				CLANG_ENABLE_MODULES = YES;
				INFOPLIST_FILE = Tests/Resources/Project/Info.plist;
				LD_RUNPATH_SEARCH_PATHS = "$(inherited) @executable_path/Frameworks @loader_path/Frameworks";
				PRODUCT_BUNDLE_IDENTIFIER = "skydev.Pokemon-WeaknessTests";
				PRODUCT_NAME = "$(TARGET_NAME)";
				SWIFT_OPTIMIZATION_LEVEL = "-Onone";
				TEST_HOST = "$(BUILT_PRODUCTS_DIR)/Pokemon Weakness.app/Pokemon Weakness";
			};
			name = Debug;
		};
		2E89528D1D3BE35F00E7DBCD /* Release */ = {
			isa = XCBuildConfiguration;
			baseConfigurationReference = 75B37CA464CBDB4B18A19BAC /* Pods-Pokemon WeaknessTests.release.xcconfig */;
			buildSettings = {
				BUNDLE_LOADER = "$(TEST_HOST)";
				CLANG_ENABLE_MODULES = YES;
				INFOPLIST_FILE = Tests/Resources/Project/Info.plist;
				LD_RUNPATH_SEARCH_PATHS = "$(inherited) @executable_path/Frameworks @loader_path/Frameworks";
				PRODUCT_BUNDLE_IDENTIFIER = "skydev.Pokemon-WeaknessTests";
				PRODUCT_NAME = "$(TARGET_NAME)";
				TEST_HOST = "$(BUILT_PRODUCTS_DIR)/Pokemon Weakness.app/Pokemon Weakness";
			};
			name = Release;
		};
/* End XCBuildConfiguration section */

/* Begin XCConfigurationList section */
		2E8952661D3BE35E00E7DBCD /* Build configuration list for PBXProject "Pokemon Weakness" */ = {
			isa = XCConfigurationList;
			buildConfigurations = (
				2E8952861D3BE35F00E7DBCD /* Debug */,
				2E8952871D3BE35F00E7DBCD /* Release */,
			);
			defaultConfigurationIsVisible = 0;
			defaultConfigurationName = Release;
		};
		2E8952881D3BE35F00E7DBCD /* Build configuration list for PBXNativeTarget "Pokemon Weakness" */ = {
			isa = XCConfigurationList;
			buildConfigurations = (
				2E8952891D3BE35F00E7DBCD /* Debug */,
				2E89528A1D3BE35F00E7DBCD /* Release */,
			);
			defaultConfigurationIsVisible = 0;
			defaultConfigurationName = Release;
		};
		2E89528B1D3BE35F00E7DBCD /* Build configuration list for PBXNativeTarget "Pokemon WeaknessTests" */ = {
			isa = XCConfigurationList;
			buildConfigurations = (
				2E89528C1D3BE35F00E7DBCD /* Debug */,
				2E89528D1D3BE35F00E7DBCD /* Release */,
			);
			defaultConfigurationIsVisible = 0;
			defaultConfigurationName = Release;
		};
/* End XCConfigurationList section */
	};
	rootObject = 2E8952631D3BE35E00E7DBCD /* Project object */;
}
